
Microsoft Visual Studio Solution File, Format Version 12.00
# Visual Studio 15
VisualStudioVersion = 15.0.28307.106
MinimumVisualStudioVersion = 10.0.40219.1
Project("{FAE04EC0-301F-11D3-BF4B-00C04F79EFBC}") = "multiplicacaoMatriz", "multiplicacaoMatriz\multiplicacaoMatriz.csproj", "{B071D7B5-8786-48D6-86E7-9A0C099DBB1C}"
EndProject
Global
	GlobalSection(SolutionConfigurationPlatforms) = preSolution
		Debug|Any CPU = Debug|Any CPU
		Release|Any CPU = Release|Any CPU
	EndGlobalSection
	GlobalSection(ProjectConfigurationPlatforms) = postSolution
		{B071D7B5-8786-48D6-86E7-9A0C099DBB1C}.Debug|Any CPU.ActiveCfg = Debug|Any CPU
		{B071D7B5-8786-48D6-86E7-9A0C099DBB1C}.Debug|Any CPU.Build.0 = Debug|Any CPU
		{B071D7B5-8786-48D6-86E7-9A0C099DBB1C}.Release|Any CPU.ActiveCfg = Release|Any CPU
		{B071D7B5-8786-48D6-86E7-9A0C099DBB1C}.Release|Any CPU.Build.0 = Release|Any CPU
	EndGlobalSection
	GlobalSection(SolutionProperties) = preSolution
		HideSolutionNode = FALSE
	EndGlobalSection
	GlobalSection(ExtensibilityGlobals) = postSolution
		SolutionGuid = {0F19D719-5F3B-45DC-95BB-51F572E68413}
	EndGlobalSection
EndGlobal
